
Microsoft Visual Studio Solution File, Format Version 12.00
# Visual Studio 2015
Project("{FAE04EC0-301F-11D3-BF4B-00C04F79EFBC}") = "Primaris.CSharp.Plugins", "Primaris.CSharp.Plugins.csproj", "{128C93D7-AC32-8700-1A62-797D66CD08A2}"
EndProject
Project("{FAE04EC0-301F-11D3-BF4B-00C04F79EFBC}") = "Primaris.CSharp", "Primaris.CSharp.csproj", "{9C56FC78-4D24-F846-60AF-F6122E4F2AB1}"
EndProject
Project("{FAE04EC0-301F-11D3-BF4B-00C04F79EFBC}") = "Primaris.CSharp.Editor", "Primaris.CSharp.Editor.csproj", "{B2F59686-323F-CEC8-A2FC-18626E6C40FD}"
EndProject
Global
	GlobalSection(SolutionConfigurationPlatforms) = preSolution
		Debug|Any CPU = Debug|Any CPU
		Release|Any CPU = Release|Any CPU
	EndGlobalSection
	GlobalSection(ProjectConfigurationPlatforms) = postSolution
		{128C93D7-AC32-8700-1A62-797D66CD08A2}.Debug|Any CPU.ActiveCfg = Debug|Any CPU
		{128C93D7-AC32-8700-1A62-797D66CD08A2}.Debug|Any CPU.Build.0 = Debug|Any CPU
		{128C93D7-AC32-8700-1A62-797D66CD08A2}.Release|Any CPU.ActiveCfg = Release|Any CPU
		{128C93D7-AC32-8700-1A62-797D66CD08A2}.Release|Any CPU.Build.0 = Release|Any CPU
		{9C56FC78-4D24-F846-60AF-F6122E4F2AB1}.Debug|Any CPU.ActiveCfg = Debug|Any CPU
		{9C56FC78-4D24-F846-60AF-F6122E4F2AB1}.Debug|Any CPU.Build.0 = Debug|Any CPU
		{9C56FC78-4D24-F846-60AF-F6122E4F2AB1}.Release|Any CPU.ActiveCfg = Release|Any CPU
		{9C56FC78-4D24-F846-60AF-F6122E4F2AB1}.Release|Any CPU.Build.0 = Release|Any CPU
		{B2F59686-323F-CEC8-A2FC-18626E6C40FD}.Debug|Any CPU.ActiveCfg = Debug|Any CPU
		{B2F59686-323F-CEC8-A2FC-18626E6C40FD}.Debug|Any CPU.Build.0 = Debug|Any CPU
		{B2F59686-323F-CEC8-A2FC-18626E6C40FD}.Release|Any CPU.ActiveCfg = Release|Any CPU
		{B2F59686-323F-CEC8-A2FC-18626E6C40FD}.Release|Any CPU.Build.0 = Release|Any CPU
	EndGlobalSection
	GlobalSection(SolutionProperties) = preSolution
		HideSolutionNode = FALSE
	EndGlobalSection
EndGlobal
